
Microsoft Visual Studio Solution File, Format Version 12.00
# Visual Studio 15
VisualStudioVersion = 15.0.28307.421
MinimumVisualStudioVersion = 10.0.40219.1
Project("{FAE04EC0-301F-11D3-BF4B-00C04F79EFBC}") = "Online Shopping Store", "Online Shopping Store\Online Shopping Store.csproj", "{C86A37C4-7B81-4D78-BD2F-D0A417FC2656}"
EndProject
Global
	GlobalSection(SolutionConfigurationPlatforms) = preSolution
		Debug|Any CPU = Debug|Any CPU
		Release|Any CPU = Release|Any CPU
	EndGlobalSection
	GlobalSection(ProjectConfigurationPlatforms) = postSolution
		{C86A37C4-7B81-4D78-BD2F-D0A417FC2656}.Debug|Any CPU.ActiveCfg = Debug|Any CPU
		{C86A37C4-7B81-4D78-BD2F-D0A417FC2656}.Debug|Any CPU.Build.0 = Debug|Any CPU
		{C86A37C4-7B81-4D78-BD2F-D0A417FC2656}.Release|Any CPU.ActiveCfg = Release|Any CPU
		{C86A37C4-7B81-4D78-BD2F-D0A417FC2656}.Release|Any CPU.Build.0 = Release|Any CPU
	EndGlobalSection
	GlobalSection(SolutionProperties) = preSolution
		HideSolutionNode = FALSE
	EndGlobalSection
	GlobalSection(ExtensibilityGlobals) = postSolution
		SolutionGuid = {0777C012-557E-41A6-961A-C9D89C9C240D}
	EndGlobalSection
EndGlobal
